
Microsoft Visual Studio Solution File, Format Version 12.00
# Visual Studio Version 16
VisualStudioVersion = 16.0.29709.97
MinimumVisualStudioVersion = 10.0.40219.1
Project("{FAE04EC0-301F-11D3-BF4B-00C04F79EFBC}") = "Quarize", "Quarize\Quarize.csproj", "{F660E85C-1C69-42DC-BD39-414EDB325C89}"
EndProject
Global
	GlobalSection(SolutionConfigurationPlatforms) = preSolution
		Debug|Any CPU = Debug|Any CPU
		Release|Any CPU = Release|Any CPU
	EndGlobalSection
	GlobalSection(ProjectConfigurationPlatforms) = postSolution
		{F660E85C-1C69-42DC-BD39-414EDB325C89}.Debug|Any CPU.ActiveCfg = Debug|Any CPU
		{F660E85C-1C69-42DC-BD39-414EDB325C89}.Debug|Any CPU.Build.0 = Debug|Any CPU
		{F660E85C-1C69-42DC-BD39-414EDB325C89}.Release|Any CPU.ActiveCfg = Release|Any CPU
		{F660E85C-1C69-42DC-BD39-414EDB325C89}.Release|Any CPU.Build.0 = Release|Any CPU
	EndGlobalSection
	GlobalSection(SolutionProperties) = preSolution
		HideSolutionNode = FALSE
	EndGlobalSection
	GlobalSection(ExtensibilityGlobals) = postSolution
		SolutionGuid = {6D8949A6-5CB4-49F2-BC9E-D8CC7FF1B0F3}
	EndGlobalSection
EndGlobal
